{
  "name": "mern",
  "version": "1.0.0",
  "lockfileVersion": 1,
  "requires": true,
  "dependencies": {
    "moment": {
      "version": "2.22.2",
      "resolved": "https://registry.npmjs.org/moment/-/moment-2.22.2.tgz",
      "integrity": "sha1-PCV/mDn8DpP/UxSWMiOeuQeD/2Y="
    },
    "react-moment": {
      "version": "0.7.7",
      "resolved": "https://registry.npmjs.org/react-moment/-/react-moment-0.7.7.tgz",
      "integrity": "sha512-ARzgdPQV7NA1s2U8ZZ/y8KFc9MM4zMx+TY9TLxKybKZU55PbLFoiYD9u4XdNeguu47TNgzuTKW5lAZJuIY632g=="
    }
  }
}
